// !$*UTF8*$!
{
	archiveVersion = 1;
	classes = {
	};
	objectVersion = 77;
	objects = {

/* Begin PBXBuildFile section */
		6356536B2DB6A7D800F6949F /* SignQuestUI in Frameworks */ = {isa = PBXBuildFile; productRef = 6356536A2DB6A7D800F6949F /* SignQuestUI */; };
		63841BA12DB6965800692236 /* Onboarding in Frameworks */ = {isa = PBXBuildFile; productRef = 63841BA02DB6965800692236 /* Onboarding */; };
		63841BA42DB6966A00692236 /* Authentication in Frameworks */ = {isa = PBXBuildFile; productRef = 63841BA32DB6966A00692236 /* Authentication */; };
/* End PBXBuildFile section */

/* Begin PBXContainerItemProxy section */
		63841B3B2DB689DB00692236 /* PBXContainerItemProxy */ = {
			isa = PBXContainerItemProxy;
			containerPortal = 63841B252DB689DA00692236 /* Project object */;
			proxyType = 1;
			remoteGlobalIDString = 63841B2C2DB689DA00692236;
			remoteInfo = "Sign Quest";
		};
		63841B452DB689DB00692236 /* PBXContainerItemProxy */ = {
			isa = PBXContainerItemProxy;
			containerPortal = 63841B252DB689DA00692236 /* Project object */;
			proxyType = 1;
			remoteGlobalIDString = 63841B2C2DB689DA00692236;
			remoteInfo = "Sign Quest";
		};
/* End PBXContainerItemProxy section */

/* Begin PBXFileReference section */
		63841B2D2DB689DA00692236 /* Sign Quest.app */ = {isa = PBXFileReference; explicitFileType = wrapper.application; includeInIndex = 0; path = "Sign Quest.app"; sourceTree = BUILT_PRODUCTS_DIR; };
		63841B3A2DB689DB00692236 /* Sign QuestTests.xctest */ = {isa = PBXFileReference; explicitFileType = wrapper.cfbundle; includeInIndex = 0; path = "Sign QuestTests.xctest"; sourceTree = BUILT_PRODUCTS_DIR; };
		63841B442DB689DB00692236 /* Sign QuestUITests.xctest */ = {isa = PBXFileReference; explicitFileType = wrapper.cfbundle; includeInIndex = 0; path = "Sign QuestUITests.xctest"; sourceTree = BUILT_PRODUCTS_DIR; };
/* End PBXFileReference section */

/* Begin PBXFileSystemSynchronizedBuildFileExceptionSet section */
		63841B9D2DB6960D00692236 /* Exceptions for "Sign Quest" folder in "Sign Quest" target */ = {
			isa = PBXFileSystemSynchronizedBuildFileExceptionSet;
			membershipExceptions = (
				Features/Authentication,
				Features/Dashboard,
				Features/Home,
				Features/Leaderboard,
				Features/Onboarding,
				Features/Profile,
				SignQuestUI/SignQuestUI,
			);
			target = 63841B2C2DB689DA00692236 /* Sign Quest */;
		};
/* End PBXFileSystemSynchronizedBuildFileExceptionSet section */

/* Begin PBXFileSystemSynchronizedRootGroup section */
		63841B2F2DB689DA00692236 /* Sign Quest */ = {
			isa = PBXFileSystemSynchronizedRootGroup;
			exceptions = (
				63841B9D2DB6960D00692236 /* Exceptions for "Sign Quest" folder in "Sign Quest" target */,
			);
			path = "Sign Quest";
			sourceTree = "<group>";
		};
		63841B3D2DB689DB00692236 /* Sign QuestTests */ = {
			isa = PBXFileSystemSynchronizedRootGroup;
			path = "Sign QuestTests";
			sourceTree = "<group>";
		};
		63841B472DB689DB00692236 /* Sign QuestUITests */ = {
			isa = PBXFileSystemSynchronizedRootGroup;
			path = "Sign QuestUITests";
			sourceTree = "<group>";
		};
/* End PBXFileSystemSynchronizedRootGroup section */

/* Begin PBXFrameworksBuildPhase section */
		63841B2A2DB689DA00692236 /* Frameworks */ = {
			isa = PBXFrameworksBuildPhase;
			buildActionMask = 2147483647;
			files = (
				6356536B2DB6A7D800F6949F /* SignQuestUI in Frameworks */,
				63841BA42DB6966A00692236 /* Authentication in Frameworks */,
				63841BA12DB6965800692236 /* Onboarding in Frameworks */,
			);
			runOnlyForDeploymentPostprocessing = 0;
		};
		63841B372DB689DB00692236 /* Frameworks */ = {
			isa = PBXFrameworksBuildPhase;
			buildActionMask = 2147483647;
			files = (
			);
			runOnlyForDeploymentPostprocessing = 0;
		};
		63841B412DB689DB00692236 /* Frameworks */ = {
			isa = PBXFrameworksBuildPhase;
			buildActionMask = 2147483647;
			files = (
			);
			runOnlyForDeploymentPostprocessing = 0;
		};
/* End PBXFrameworksBuildPhase section */

/* Begin PBXGroup section */
		63841B242DB689DA00692236 = {
			isa = PBXGroup;
			children = (
				63841B2F2DB689DA00692236 /* Sign Quest */,
				63841B3D2DB689DB00692236 /* Sign QuestTests */,
				63841B472DB689DB00692236 /* Sign QuestUITests */,
				63841B2E2DB689DA00692236 /* Products */,
			);
			sourceTree = "<group>";
		};
		63841B2E2DB689DA00692236 /* Products */ = {
			isa = PBXGroup;
			children = (
				63841B2D2DB689DA00692236 /* Sign Quest.app */,
				63841B3A2DB689DB00692236 /* Sign QuestTests.xctest */,
				63841B442DB689DB00692236 /* Sign QuestUITests.xctest */,
			);
			name = Products;
			sourceTree = "<group>";
		};
/* End PBXGroup section */

/* Begin PBXNativeTarget section */
		63841B2C2DB689DA00692236 /* Sign Quest */ = {
			isa = PBXNativeTarget;
			buildConfigurationList = 63841B4E2DB689DB00692236 /* Build configuration list for PBXNativeTarget "Sign Quest" */;
			buildPhases = (
				63841B292DB689DA00692236 /* Sources */,
				63841B2A2DB689DA00692236 /* Frameworks */,
				63841B2B2DB689DA00692236 /* Resources */,
			);
			buildRules = (
			);
			dependencies = (
			);
			fileSystemSynchronizedGroups = (
				63841B2F2DB689DA00692236 /* Sign Quest */,
			);
			name = "Sign Quest";
			packageProductDependencies = (
				63841BA02DB6965800692236 /* Onboarding */,
				63841BA32DB6966A00692236 /* Authentication */,
				6356536A2DB6A7D800F6949F /* SignQuestUI */,
			);
			productName = "Sign Quest";
			productReference = 63841B2D2DB689DA00692236 /* Sign Quest.app */;
			productType = "com.apple.product-type.application";
		};
		63841B392DB689DB00692236 /* Sign QuestTests */ = {
			isa = PBXNativeTarget;
			buildConfigurationList = 63841B512DB689DB00692236 /* Build configuration list for PBXNativeTarget "Sign QuestTests" */;
			buildPhases = (
				63841B362DB689DB00692236 /* Sources */,
				63841B372DB689DB00692236 /* Frameworks */,
				63841B382DB689DB00692236 /* Resources */,
			);
			buildRules = (
			);
			dependencies = (
				63841B3C2DB689DB00692236 /* PBXTargetDependency */,
			);
			fileSystemSynchronizedGroups = (
				63841B3D2DB689DB00692236 /* Sign QuestTests */,
			);
			name = "Sign QuestTests";
			packageProductDependencies = (
			);
			productName = "Sign QuestTests";
			productReference = 63841B3A2DB689DB00692236 /* Sign QuestTests.xctest */;
			productType = "com.apple.product-type.bundle.unit-test";
		};
		63841B432DB689DB00692236 /* Sign QuestUITests */ = {
			isa = PBXNativeTarget;
			buildConfigurationList = 63841B542DB689DB00692236 /* Build configuration list for PBXNativeTarget "Sign QuestUITests" */;
			buildPhases = (
				63841B402DB689DB00692236 /* Sources */,
				63841B412DB689DB00692236 /* Frameworks */,
				63841B422DB689DB00692236 /* Resources */,
			);
			buildRules = (
			);
			dependencies = (
				63841B462DB689DB00692236 /* PBXTargetDependency */,
			);
			fileSystemSynchronizedGroups = (
				63841B472DB689DB00692236 /* Sign QuestUITests */,
			);
			name = "Sign QuestUITests";
			packageProductDependencies = (
			);
			productName = "Sign QuestUITests";
			productReference = 63841B442DB689DB00692236 /* Sign QuestUITests.xctest */;
			productType = "com.apple.product-type.bundle.ui-testing";
		};
/* End PBXNativeTarget section */

/* Begin PBXProject section */
		63841B252DB689DA00692236 /* Project object */ = {
			isa = PBXProject;
			attributes = {
				BuildIndependentTargetsInParallel = 1;
				LastSwiftUpdateCheck = 1630;
				LastUpgradeCheck = 1630;
				TargetAttributes = {
					63841B2C2DB689DA00692236 = {
						CreatedOnToolsVersion = 16.3;
					};
					63841B392DB689DB00692236 = {
						CreatedOnToolsVersion = 16.3;
						TestTargetID = 63841B2C2DB689DA00692236;
					};
					63841B432DB689DB00692236 = {
						CreatedOnToolsVersion = 16.3;
						TestTargetID = 63841B2C2DB689DA00692236;
					};
				};
			};
			buildConfigurationList = 63841B282DB689DA00692236 /* Build configuration list for PBXProject "Sign Quest" */;
			developmentRegion = en;
			hasScannedForEncodings = 0;
			knownRegions = (
				en,
				Base,
			);
			mainGroup = 63841B242DB689DA00692236;
			minimizedProjectReferenceProxies = 1;
			packageReferences = (
				63841B9F2DB6965800692236 /* XCLocalSwiftPackageReference "Sign Quest/Features/Onboarding" */,
				63841BA22DB6966A00692236 /* XCLocalSwiftPackageReference "Sign Quest/Features/Authentication" */,
				635653692DB6A7D800F6949F /* XCLocalSwiftPackageReference "Sign Quest/SignQuestUI/SignQuestUI" */,
			);
			preferredProjectObjectVersion = 77;
			productRefGroup = 63841B2E2DB689DA00692236 /* Products */;
			projectDirPath = "";
			projectRoot = "";
			targets = (
				63841B2C2DB689DA00692236 /* Sign Quest */,
				63841B392DB689DB00692236 /* Sign QuestTests */,
				63841B432DB689DB00692236 /* Sign QuestUITests */,
			);
		};
/* End PBXProject section */

/* Begin PBXResourcesBuildPhase section */
		63841B2B2DB689DA00692236 /* Resources */ = {
			isa = PBXResourcesBuildPhase;
			buildActionMask = 2147483647;
			files = (
			);
			runOnlyForDeploymentPostprocessing = 0;
		};
		63841B382DB689DB00692236 /* Resources */ = {
			isa = PBXResourcesBuildPhase;
			buildActionMask = 2147483647;
			files = (
			);
			runOnlyForDeploymentPostprocessing = 0;
		};
		63841B422DB689DB00692236 /* Resources */ = {
			isa = PBXResourcesBuildPhase;
			buildActionMask = 2147483647;
			files = (
			);
			runOnlyForDeploymentPostprocessing = 0;
		};
/* End PBXResourcesBuildPhase section */

/* Begin PBXSourcesBuildPhase section */
		63841B292DB689DA00692236 /* Sources */ = {
			isa = PBXSourcesBuildPhase;
			buildActionMask = 2147483647;
			files = (
			);
			runOnlyForDeploymentPostprocessing = 0;
		};
		63841B362DB689DB00692236 /* Sources */ = {
			isa = PBXSourcesBuildPhase;
			buildActionMask = 2147483647;
			files = (
			);
			runOnlyForDeploymentPostprocessing = 0;
		};
		63841B402DB689DB00692236 /* Sources */ = {
			isa = PBXSourcesBuildPhase;
			buildActionMask = 2147483647;
			files = (
			);
			runOnlyForDeploymentPostprocessing = 0;
		};
/* End PBXSourcesBuildPhase section */

/* Begin PBXTargetDependency section */
		63841B3C2DB689DB00692236 /* PBXTargetDependency */ = {
			isa = PBXTargetDependency;
			target = 63841B2C2DB689DA00692236 /* Sign Quest */;
			targetProxy = 63841B3B2DB689DB00692236 /* PBXContainerItemProxy */;
		};
		63841B462DB689DB00692236 /* PBXTargetDependency */ = {
			isa = PBXTargetDependency;
			target = 63841B2C2DB689DA00692236 /* Sign Quest */;
			targetProxy = 63841B452DB689DB00692236 /* PBXContainerItemProxy */;
		};
/* End PBXTargetDependency section */

/* Begin XCBuildConfiguration section */
		63841B4C2DB689DB00692236 /* Debug */ = {
			isa = XCBuildConfiguration;
			buildSettings = {
				ALWAYS_SEARCH_USER_PATHS = NO;
				ASSETCATALOG_COMPILER_GENERATE_SWIFT_ASSET_SYMBOL_EXTENSIONS = YES;
				CLANG_ANALYZER_NONNULL = YES;
				CLANG_ANALYZER_NUMBER_OBJECT_CONVERSION = YES_AGGRESSIVE;
				CLANG_CXX_LANGUAGE_STANDARD = "gnu++20";
				CLANG_ENABLE_MODULES = YES;
				CLANG_ENABLE_OBJC_ARC = YES;
				CLANG_ENABLE_OBJC_WEAK = YES;
				CLANG_WARN_BLOCK_CAPTURE_AUTORELEASING = YES;
				CLANG_WARN_BOOL_CONVERSION = YES;
				CLANG_WARN_COMMA = YES;
				CLANG_WARN_CONSTANT_CONVERSION = YES;
				CLANG_WARN_DEPRECATED_OBJC_IMPLEMENTATIONS = YES;
				CLANG_WARN_DIRECT_OBJC_ISA_USAGE = YES_ERROR;
				CLANG_WARN_DOCUMENTATION_COMMENTS = YES;
				CLANG_WARN_EMPTY_BODY = YES;
				CLANG_WARN_ENUM_CONVERSION = YES;
				CLANG_WARN_INFINITE_RECURSION = YES;
				CLANG_WARN_INT_CONVERSION = YES;
				CLANG_WARN_NON_LITERAL_NULL_CONVERSION = YES;
				CLANG_WARN_OBJC_IMPLICIT_RETAIN_SELF = YES;
				CLANG_WARN_OBJC_LITERAL_CONVERSION = YES;
				CLANG_WARN_OBJC_ROOT_CLASS = YES_ERROR;
				CLANG_WARN_QUOTED_INCLUDE_IN_FRAMEWORK_HEADER = YES;
				CLANG_WARN_RANGE_LOOP_ANALYSIS = YES;
				CLANG_WARN_STRICT_PROTOTYPES = YES;
				CLANG_WARN_SUSPICIOUS_MOVE = YES;
				CLANG_WARN_UNGUARDED_AVAILABILITY = YES_AGGRESSIVE;
				CLANG_WARN_UNREACHABLE_CODE = YES;
				CLANG_WARN__DUPLICATE_METHOD_MATCH = YES;
				COPY_PHASE_STRIP = NO;
				DEBUG_INFORMATION_FORMAT = dwarf;
				DEVELOPMENT_TEAM = KWBN44RW23;
				ENABLE_STRICT_OBJC_MSGSEND = YES;
				ENABLE_TESTABILITY = YES;
				ENABLE_USER_SCRIPT_SANDBOXING = YES;
				GCC_C_LANGUAGE_STANDARD = gnu17;
				GCC_DYNAMIC_NO_PIC = NO;
				GCC_NO_COMMON_BLOCKS = YES;
				GCC_OPTIMIZATION_LEVEL = 0;
				GCC_PREPROCESSOR_DEFINITIONS = (
					"DEBUG=1",
					"$(inherited)",
				);
				GCC_WARN_64_TO_32_BIT_CONVERSION = YES;
				GCC_WARN_ABOUT_RETURN_TYPE = YES_ERROR;
				GCC_WARN_UNDECLARED_SELECTOR = YES;
				GCC_WARN_UNINITIALIZED_AUTOS = YES_AGGRESSIVE;
				GCC_WARN_UNUSED_FUNCTION = YES;
				GCC_WARN_UNUSED_VARIABLE = YES;
				IPHONEOS_DEPLOYMENT_TARGET = 18.4;
				LOCALIZATION_PREFERS_STRING_CATALOGS = YES;
				MTL_ENABLE_DEBUG_INFO = INCLUDE_SOURCE;
				MTL_FAST_MATH = YES;
				ONLY_ACTIVE_ARCH = YES;
				SDKROOT = iphoneos;
				SWIFT_ACTIVE_COMPILATION_CONDITIONS = "DEBUG $(inherited)";
				SWIFT_OPTIMIZATION_LEVEL = "-Onone";
			};
			name = Debug;
		};
		63841B4D2DB689DB00692236 /* Release */ = {
			isa = XCBuildConfiguration;
			buildSettings = {
				ALWAYS_SEARCH_USER_PATHS = NO;
				ASSETCATALOG_COMPILER_GENERATE_SWIFT_ASSET_SYMBOL_EXTENSIONS = YES;
				CLANG_ANALYZER_NONNULL = YES;
				CLANG_ANALYZER_NUMBER_OBJECT_CONVERSION = YES_AGGRESSIVE;
				CLANG_CXX_LANGUAGE_STANDARD = "gnu++20";
				CLANG_ENABLE_MODULES = YES;
				CLANG_ENABLE_OBJC_ARC = YES;
				CLANG_ENABLE_OBJC_WEAK = YES;
				CLANG_WARN_BLOCK_CAPTURE_AUTORELEASING = YES;
				CLANG_WARN_BOOL_CONVERSION = YES;
				CLANG_WARN_COMMA = YES;
				CLANG_WARN_CONSTANT_CONVERSION = YES;
				CLANG_WARN_DEPRECATED_OBJC_IMPLEMENTATIONS = YES;
				CLANG_WARN_DIRECT_OBJC_ISA_USAGE = YES_ERROR;
				CLANG_WARN_DOCUMENTATION_COMMENTS = YES;
				CLANG_WARN_EMPTY_BODY = YES;
				CLANG_WARN_ENUM_CONVERSION = YES;
				CLANG_WARN_INFINITE_RECURSION = YES;
				CLANG_WARN_INT_CONVERSION = YES;
				CLANG_WARN_NON_LITERAL_NULL_CONVERSION = YES;
				CLANG_WARN_OBJC_IMPLICIT_RETAIN_SELF = YES;
				CLANG_WARN_OBJC_LITERAL_CONVERSION = YES;
				CLANG_WARN_OBJC_ROOT_CLASS = YES_ERROR;
				CLANG_WARN_QUOTED_INCLUDE_IN_FRAMEWORK_HEADER = YES;
				CLANG_WARN_RANGE_LOOP_ANALYSIS = YES;
				CLANG_WARN_STRICT_PROTOTYPES = YES;
				CLANG_WARN_SUSPICIOUS_MOVE = YES;
				CLANG_WARN_UNGUARDED_AVAILABILITY = YES_AGGRESSIVE;
				CLANG_WARN_UNREACHABLE_CODE = YES;
				CLANG_WARN__DUPLICATE_METHOD_MATCH = YES;
				COPY_PHASE_STRIP = NO;
				DEBUG_INFORMATION_FORMAT = "dwarf-with-dsym";
				DEVELOPMENT_TEAM = KWBN44RW23;
				ENABLE_NS_ASSERTIONS = NO;
				ENABLE_STRICT_OBJC_MSGSEND = YES;
				ENABLE_USER_SCRIPT_SANDBOXING = YES;
				GCC_C_LANGUAGE_STANDARD = gnu17;
				GCC_NO_COMMON_BLOCKS = YES;
				GCC_WARN_64_TO_32_BIT_CONVERSION = YES;
				GCC_WARN_ABOUT_RETURN_TYPE = YES_ERROR;
				GCC_WARN_UNDECLARED_SELECTOR = YES;
				GCC_WARN_UNINITIALIZED_AUTOS = YES_AGGRESSIVE;
				GCC_WARN_UNUSED_FUNCTION = YES;
				GCC_WARN_UNUSED_VARIABLE = YES;
				IPHONEOS_DEPLOYMENT_TARGET = 18.4;
				LOCALIZATION_PREFERS_STRING_CATALOGS = YES;
				MTL_ENABLE_DEBUG_INFO = NO;
				MTL_FAST_MATH = YES;
				SDKROOT = iphoneos;
				SWIFT_COMPILATION_MODE = wholemodule;
				VALIDATE_PRODUCT = YES;
			};
			name = Release;
		};
		63841B4F2DB689DB00692236 /* Debug */ = {
			isa = XCBuildConfiguration;
			buildSettings = {
				ASSETCATALOG_COMPILER_APPICON_NAME = AppIcon;
				ASSETCATALOG_COMPILER_GLOBAL_ACCENT_COLOR_NAME = AccentColor;
				CODE_SIGN_STYLE = Automatic;
				CURRENT_PROJECT_VERSION = 1;
				DEVELOPMENT_TEAM = KWBN44RW23;
				ENABLE_PREVIEWS = YES;
				GENERATE_INFOPLIST_FILE = YES;
				INFOPLIST_FILE = "Sign-Quest-Info.plist";
				INFOPLIST_KEY_UIApplicationSceneManifest_Generation = YES;
				INFOPLIST_KEY_UIApplicationSupportsIndirectInputEvents = YES;
				INFOPLIST_KEY_UILaunchScreen_Generation = YES;
				INFOPLIST_KEY_UILaunchStoryboardName = LaunchScreen;
				INFOPLIST_KEY_UISupportedInterfaceOrientations_iPad = "UIInterfaceOrientationPortrait UIInterfaceOrientationPortraitUpsideDown UIInterfaceOrientationLandscapeLeft UIInterfaceOrientationLandscapeRight";
				INFOPLIST_KEY_UISupportedInterfaceOrientations_iPhone = "UIInterfaceOrientationPortrait UIInterfaceOrientationLandscapeLeft UIInterfaceOrientationLandscapeRight";
				LD_RUNPATH_SEARCH_PATHS = (
					"$(inherited)",
					"@executable_path/Frameworks",
				);
				MARKETING_VERSION = 1.0;
				PRODUCT_BUNDLE_IDENTIFIER = "yuuki.Sign-Quest";
				PRODUCT_NAME = "$(TARGET_NAME)";
				SWIFT_EMIT_LOC_STRINGS = YES;
				SWIFT_VERSION = 5.0;
				TARGETED_DEVICE_FAMILY = "1,2";
			};
			name = Debug;
		};
		63841B502DB689DB00692236 /* Release */ = {
			isa = XCBuildConfiguration;
			buildSettings = {
				ASSETCATALOG_COMPILER_APPICON_NAME = AppIcon;
				ASSETCATALOG_COMPILER_GLOBAL_ACCENT_COLOR_NAME = AccentColor;
				CODE_SIGN_STYLE = Automatic;
				CURRENT_PROJECT_VERSION = 1;
				DEVELOPMENT_TEAM = KWBN44RW23;
				ENABLE_PREVIEWS = YES;
				GENERATE_INFOPLIST_FILE = YES;
				INFOPLIST_FILE = "Sign-Quest-Info.plist";
				INFOPLIST_KEY_UIApplicationSceneManifest_Generation = YES;
				INFOPLIST_KEY_UIApplicationSupportsIndirectInputEvents = YES;
				INFOPLIST_KEY_UILaunchScreen_Generation = YES;
				INFOPLIST_KEY_UILaunchStoryboardName = LaunchScreen;
				INFOPLIST_KEY_UISupportedInterfaceOrientations_iPad = "UIInterfaceOrientationPortrait UIInterfaceOrientationPortraitUpsideDown UIInterfaceOrientationLandscapeLeft UIInterfaceOrientationLandscapeRight";
				INFOPLIST_KEY_UISupportedInterfaceOrientations_iPhone = "UIInterfaceOrientationPortrait UIInterfaceOrientationLandscapeLeft UIInterfaceOrientationLandscapeRight";
				LD_RUNPATH_SEARCH_PATHS = (
					"$(inherited)",
					"@executable_path/Frameworks",
				);
				MARKETING_VERSION = 1.0;
				PRODUCT_BUNDLE_IDENTIFIER = "yuuki.Sign-Quest";
				PRODUCT_NAME = "$(TARGET_NAME)";
				SWIFT_EMIT_LOC_STRINGS = YES;
				SWIFT_VERSION = 5.0;
				TARGETED_DEVICE_FAMILY = "1,2";
			};
			name = Release;
		};
		63841B522DB689DB00692236 /* Debug */ = {
			isa = XCBuildConfiguration;
			buildSettings = {
				BUNDLE_LOADER = "$(TEST_HOST)";
				CODE_SIGN_STYLE = Automatic;
				CURRENT_PROJECT_VERSION = 1;
				DEVELOPMENT_TEAM = KWBN44RW23;
				GENERATE_INFOPLIST_FILE = YES;
				IPHONEOS_DEPLOYMENT_TARGET = 18.4;
				MARKETING_VERSION = 1.0;
				PRODUCT_BUNDLE_IDENTIFIER = "yuuki.Sign-QuestTests";
				PRODUCT_NAME = "$(TARGET_NAME)";
				SWIFT_EMIT_LOC_STRINGS = NO;
				SWIFT_VERSION = 5.0;
				TARGETED_DEVICE_FAMILY = "1,2";
				TEST_HOST = "$(BUILT_PRODUCTS_DIR)/Sign Quest.app/$(BUNDLE_EXECUTABLE_FOLDER_PATH)/Sign Quest";
			};
			name = Debug;
		};
		63841B532DB689DB00692236 /* Release */ = {
			isa = XCBuildConfiguration;
			buildSettings = {
				BUNDLE_LOADER = "$(TEST_HOST)";
				CODE_SIGN_STYLE = Automatic;
				CURRENT_PROJECT_VERSION = 1;
				DEVELOPMENT_TEAM = KWBN44RW23;
				GENERATE_INFOPLIST_FILE = YES;
				IPHONEOS_DEPLOYMENT_TARGET = 18.4;
				MARKETING_VERSION = 1.0;
				PRODUCT_BUNDLE_IDENTIFIER = "yuuki.Sign-QuestTests";
				PRODUCT_NAME = "$(TARGET_NAME)";
				SWIFT_EMIT_LOC_STRINGS = NO;
				SWIFT_VERSION = 5.0;
				TARGETED_DEVICE_FAMILY = "1,2";
				TEST_HOST = "$(BUILT_PRODUCTS_DIR)/Sign Quest.app/$(BUNDLE_EXECUTABLE_FOLDER_PATH)/Sign Quest";
			};
			name = Release;
		};
		63841B552DB689DB00692236 /* Debug */ = {
			isa = XCBuildConfiguration;
			buildSettings = {
				CODE_SIGN_STYLE = Automatic;
				CURRENT_PROJECT_VERSION = 1;
				DEVELOPMENT_TEAM = KWBN44RW23;
				GENERATE_INFOPLIST_FILE = YES;
				MARKETING_VERSION = 1.0;
				PRODUCT_BUNDLE_IDENTIFIER = "yuuki.Sign-QuestUITests";
				PRODUCT_NAME = "$(TARGET_NAME)";
				SWIFT_EMIT_LOC_STRINGS = NO;
				SWIFT_VERSION = 5.0;
				TARGETED_DEVICE_FAMILY = "1,2";
				TEST_TARGET_NAME = "Sign Quest";
			};
			name = Debug;
		};
		63841B562DB689DB00692236 /* Release */ = {
			isa = XCBuildConfiguration;
			buildSettings = {
				CODE_SIGN_STYLE = Automatic;
				CURRENT_PROJECT_VERSION = 1;
				DEVELOPMENT_TEAM = KWBN44RW23;
				GENERATE_INFOPLIST_FILE = YES;
				MARKETING_VERSION = 1.0;
				PRODUCT_BUNDLE_IDENTIFIER = "yuuki.Sign-QuestUITests";
				PRODUCT_NAME = "$(TARGET_NAME)";
				SWIFT_EMIT_LOC_STRINGS = NO;
				SWIFT_VERSION = 5.0;
				TARGETED_DEVICE_FAMILY = "1,2";
				TEST_TARGET_NAME = "Sign Quest";
			};
			name = Release;
		};
/* End XCBuildConfiguration section */

/* Begin XCConfigurationList section */
		63841B282DB689DA00692236 /* Build configuration list for PBXProject "Sign Quest" */ = {
			isa = XCConfigurationList;
			buildConfigurations = (
				63841B4C2DB689DB00692236 /* Debug */,
				63841B4D2DB689DB00692236 /* Release */,
			);
			defaultConfigurationIsVisible = 0;
			defaultConfigurationName = Release;
		};
		63841B4E2DB689DB00692236 /* Build configuration list for PBXNativeTarget "Sign Quest" */ = {
			isa = XCConfigurationList;
			buildConfigurations = (
				63841B4F2DB689DB00692236 /* Debug */,
				63841B502DB689DB00692236 /* Release */,
			);
			defaultConfigurationIsVisible = 0;
			defaultConfigurationName = Release;
		};
		63841B512DB689DB00692236 /* Build configuration list for PBXNativeTarget "Sign QuestTests" */ = {
			isa = XCConfigurationList;
			buildConfigurations = (
				63841B522DB689DB00692236 /* Debug */,
				63841B532DB689DB00692236 /* Release */,
			);
			defaultConfigurationIsVisible = 0;
			defaultConfigurationName = Release;
		};
		63841B542DB689DB00692236 /* Build configuration list for PBXNativeTarget "Sign QuestUITests" */ = {
			isa = XCConfigurationList;
			buildConfigurations = (
				63841B552DB689DB00692236 /* Debug */,
				63841B562DB689DB00692236 /* Release */,
			);
			defaultConfigurationIsVisible = 0;
			defaultConfigurationName = Release;
		};
/* End XCConfigurationList section */

/* Begin XCLocalSwiftPackageReference section */
		635653692DB6A7D800F6949F /* XCLocalSwiftPackageReference "Sign Quest/SignQuestUI/SignQuestUI" */ = {
			isa = XCLocalSwiftPackageReference;
			relativePath = "Sign Quest/SignQuestUI/SignQuestUI";
		};
		63841B9F2DB6965800692236 /* XCLocalSwiftPackageReference "Sign Quest/Features/Onboarding" */ = {
			isa = XCLocalSwiftPackageReference;
			relativePath = "Sign Quest/Features/Onboarding";
		};
		63841BA22DB6966A00692236 /* XCLocalSwiftPackageReference "Sign Quest/Features/Authentication" */ = {
			isa = XCLocalSwiftPackageReference;
			relativePath = "Sign Quest/Features/Authentication";
		};
/* End XCLocalSwiftPackageReference section */

/* Begin XCSwiftPackageProductDependency section */
		6356536A2DB6A7D800F6949F /* SignQuestUI */ = {
			isa = XCSwiftPackageProductDependency;
			productName = SignQuestUI;
		};
		63841BA02DB6965800692236 /* Onboarding */ = {
			isa = XCSwiftPackageProductDependency;
			productName = Onboarding;
		};
		63841BA32DB6966A00692236 /* Authentication */ = {
			isa = XCSwiftPackageProductDependency;
			productName = Authentication;
		};
/* End XCSwiftPackageProductDependency section */
	};
	rootObject = 63841B252DB689DA00692236 /* Project object */;
}
